
Microsoft Visual Studio Solution File, Format Version 12.00
# Visual Studio Version 17
VisualStudioVersion = 17.8.34322.80
MinimumVisualStudioVersion = 10.0.40219.1
Project("{FAE04EC0-301F-11D3-BF4B-00C04F79EFBC}") = "MultiTenancy", "MultiTenancy\MultiTenancy.csproj", "{90DC320E-FE3C-4F39-95FF-CFD99CD071DA}"
EndProject
Global
	GlobalSection(SolutionConfigurationPlatforms) = preSolution
		Debug|Any CPU = Debug|Any CPU
		Release|Any CPU = Release|Any CPU
	EndGlobalSection
	GlobalSection(ProjectConfigurationPlatforms) = postSolution
		{90DC320E-FE3C-4F39-95FF-CFD99CD071DA}.Debug|Any CPU.ActiveCfg = Debug|Any CPU
		{90DC320E-FE3C-4F39-95FF-CFD99CD071DA}.Debug|Any CPU.Build.0 = Debug|Any CPU
		{90DC320E-FE3C-4F39-95FF-CFD99CD071DA}.Release|Any CPU.ActiveCfg = Release|Any CPU
		{90DC320E-FE3C-4F39-95FF-CFD99CD071DA}.Release|Any CPU.Build.0 = Release|Any CPU
	EndGlobalSection
	GlobalSection(SolutionProperties) = preSolution
		HideSolutionNode = FALSE
	EndGlobalSection
	GlobalSection(ExtensibilityGlobals) = postSolution
		SolutionGuid = {7CE30259-F000-4E82-93FB-D49D0DAF62C0}
	EndGlobalSection
EndGlobal
